
Microsoft Visual Studio Solution File, Format Version 12.00
# Visual Studio Version 17
VisualStudioVersion = 17.4.33110.190
MinimumVisualStudioVersion = 10.0.40219.1
Project("{FAE04EC0-301F-11D3-BF4B-00C04F79EFBC}") = "Fool", "Fool.csproj", "{7BCA916D-56CE-4819-A8D0-469D9ACB330B}"
EndProject
Global
	GlobalSection(SolutionConfigurationPlatforms) = preSolution
		Debug|Any CPU = Debug|Any CPU
		Release|Any CPU = Release|Any CPU
	EndGlobalSection
	GlobalSection(ProjectConfigurationPlatforms) = postSolution
		{7BCA916D-56CE-4819-A8D0-469D9ACB330B}.Debug|Any CPU.ActiveCfg = Debug|Any CPU
		{7BCA916D-56CE-4819-A8D0-469D9ACB330B}.Debug|Any CPU.Build.0 = Debug|Any CPU
		{7BCA916D-56CE-4819-A8D0-469D9ACB330B}.Release|Any CPU.ActiveCfg = Release|Any CPU
		{7BCA916D-56CE-4819-A8D0-469D9ACB330B}.Release|Any CPU.Build.0 = Release|Any CPU
	EndGlobalSection
	GlobalSection(SolutionProperties) = preSolution
		HideSolutionNode = FALSE
	EndGlobalSection
	GlobalSection(ExtensibilityGlobals) = postSolution
		SolutionGuid = {1893CEB2-7BB6-42CF-8753-755B03784F2A}
	EndGlobalSection
EndGlobal
